
Microsoft Visual Studio Solution File, Format Version 12.00
# Visual Studio Version 16
VisualStudioVersion = 16.0.31729.503
MinimumVisualStudioVersion = 10.0.40219.1
Project("{2150E333-8FDC-42A3-9474-1A3956D46DE8}") = "src", "src", "{4F797553-7DBA-4D29-8170-98ABEDC0436C}"
EndProject
Project("{2150E333-8FDC-42A3-9474-1A3956D46DE8}") = "Infraestructure", "Infraestructure", "{AEAE81FC-F13C-4206-87E8-E6D69AE11376}"
EndProject
Project("{2150E333-8FDC-42A3-9474-1A3956D46DE8}") = "Presentation", "Presentation", "{A3F631FF-2C15-4C4D-AA64-D07BCCA4A69D}"
EndProject
Project("{2150E333-8FDC-42A3-9474-1A3956D46DE8}") = "Core", "Core", "{45A787C5-5972-4ABB-8C08-423989E33ED4}"
EndProject
Project("{9A19103F-16F7-4668-BE54-9A1E7A4F7556}") = "Application", "Application\Application.csproj", "{D29EB2FA-23A9-46E5-BEF8-8980033E0839}"
EndProject
Project("{9A19103F-16F7-4668-BE54-9A1E7A4F7556}") = "Domain", "Domain\Domain.csproj", "{0077CADD-CB4F-4349-98C1-793D78C5449B}"
EndProject
Project("{9A19103F-16F7-4668-BE54-9A1E7A4F7556}") = "Persistence", "Persistence\Persistence.csproj", "{60EA83C8-ACBF-446D-919A-67A61EBC371F}"
EndProject
Project("{9A19103F-16F7-4668-BE54-9A1E7A4F7556}") = "Shared", "Shared\Shared.csproj", "{3B53A1CD-35BF-4400-B0B5-018113E9DE0D}"
EndProject
Project("{9A19103F-16F7-4668-BE54-9A1E7A4F7556}") = "WebAPI", "WebAPI\WebAPI.csproj", "{6224FB6C-959F-43A1-BBA1-F444C6714B4A}"
EndProject
Project("{FAE04EC0-301F-11D3-BF4B-00C04F79EFBC}") = "Identity", "Identity\Identity.csproj", "{DA8BBAC3-6AD5-4D74-BD65-B5DA86A74F65}"
EndProject
Global
	GlobalSection(SolutionConfigurationPlatforms) = preSolution
		Debug|Any CPU = Debug|Any CPU
		Release|Any CPU = Release|Any CPU
	EndGlobalSection
	GlobalSection(ProjectConfigurationPlatforms) = postSolution
		{D29EB2FA-23A9-46E5-BEF8-8980033E0839}.Debug|Any CPU.ActiveCfg = Debug|Any CPU
		{D29EB2FA-23A9-46E5-BEF8-8980033E0839}.Debug|Any CPU.Build.0 = Debug|Any CPU
		{D29EB2FA-23A9-46E5-BEF8-8980033E0839}.Release|Any CPU.ActiveCfg = Release|Any CPU
		{D29EB2FA-23A9-46E5-BEF8-8980033E0839}.Release|Any CPU.Build.0 = Release|Any CPU
		{0077CADD-CB4F-4349-98C1-793D78C5449B}.Debug|Any CPU.ActiveCfg = Debug|Any CPU
		{0077CADD-CB4F-4349-98C1-793D78C5449B}.Debug|Any CPU.Build.0 = Debug|Any CPU
		{0077CADD-CB4F-4349-98C1-793D78C5449B}.Release|Any CPU.ActiveCfg = Release|Any CPU
		{0077CADD-CB4F-4349-98C1-793D78C5449B}.Release|Any CPU.Build.0 = Release|Any CPU
		{60EA83C8-ACBF-446D-919A-67A61EBC371F}.Debug|Any CPU.ActiveCfg = Debug|Any CPU
		{60EA83C8-ACBF-446D-919A-67A61EBC371F}.Debug|Any CPU.Build.0 = Debug|Any CPU
		{60EA83C8-ACBF-446D-919A-67A61EBC371F}.Release|Any CPU.ActiveCfg = Release|Any CPU
		{60EA83C8-ACBF-446D-919A-67A61EBC371F}.Release|Any CPU.Build.0 = Release|Any CPU
		{3B53A1CD-35BF-4400-B0B5-018113E9DE0D}.Debug|Any CPU.ActiveCfg = Debug|Any CPU
		{3B53A1CD-35BF-4400-B0B5-018113E9DE0D}.Debug|Any CPU.Build.0 = Debug|Any CPU
		{3B53A1CD-35BF-4400-B0B5-018113E9DE0D}.Release|Any CPU.ActiveCfg = Release|Any CPU
		{3B53A1CD-35BF-4400-B0B5-018113E9DE0D}.Release|Any CPU.Build.0 = Release|Any CPU
		{6224FB6C-959F-43A1-BBA1-F444C6714B4A}.Debug|Any CPU.ActiveCfg = Debug|Any CPU
		{6224FB6C-959F-43A1-BBA1-F444C6714B4A}.Debug|Any CPU.Build.0 = Debug|Any CPU
		{6224FB6C-959F-43A1-BBA1-F444C6714B4A}.Release|Any CPU.ActiveCfg = Release|Any CPU
		{6224FB6C-959F-43A1-BBA1-F444C6714B4A}.Release|Any CPU.Build.0 = Release|Any CPU
		{DA8BBAC3-6AD5-4D74-BD65-B5DA86A74F65}.Debug|Any CPU.ActiveCfg = Debug|Any CPU
		{DA8BBAC3-6AD5-4D74-BD65-B5DA86A74F65}.Debug|Any CPU.Build.0 = Debug|Any CPU
		{DA8BBAC3-6AD5-4D74-BD65-B5DA86A74F65}.Release|Any CPU.ActiveCfg = Release|Any CPU
		{DA8BBAC3-6AD5-4D74-BD65-B5DA86A74F65}.Release|Any CPU.Build.0 = Release|Any CPU
	EndGlobalSection
	GlobalSection(SolutionProperties) = preSolution
		HideSolutionNode = FALSE
	EndGlobalSection
	GlobalSection(NestedProjects) = preSolution
		{AEAE81FC-F13C-4206-87E8-E6D69AE11376} = {4F797553-7DBA-4D29-8170-98ABEDC0436C}
		{A3F631FF-2C15-4C4D-AA64-D07BCCA4A69D} = {4F797553-7DBA-4D29-8170-98ABEDC0436C}
		{45A787C5-5972-4ABB-8C08-423989E33ED4} = {4F797553-7DBA-4D29-8170-98ABEDC0436C}
		{D29EB2FA-23A9-46E5-BEF8-8980033E0839} = {45A787C5-5972-4ABB-8C08-423989E33ED4}
		{0077CADD-CB4F-4349-98C1-793D78C5449B} = {45A787C5-5972-4ABB-8C08-423989E33ED4}
		{60EA83C8-ACBF-446D-919A-67A61EBC371F} = {AEAE81FC-F13C-4206-87E8-E6D69AE11376}
		{3B53A1CD-35BF-4400-B0B5-018113E9DE0D} = {AEAE81FC-F13C-4206-87E8-E6D69AE11376}
		{6224FB6C-959F-43A1-BBA1-F444C6714B4A} = {A3F631FF-2C15-4C4D-AA64-D07BCCA4A69D}
		{DA8BBAC3-6AD5-4D74-BD65-B5DA86A74F65} = {AEAE81FC-F13C-4206-87E8-E6D69AE11376}
	EndGlobalSection
	GlobalSection(ExtensibilityGlobals) = postSolution
		SolutionGuid = {AAB9EEB9-7367-4AF8-B711-2552B48EA219}
	EndGlobalSection
EndGlobal
